
Microsoft Visual Studio Solution File, Format Version 12.00
# Visual Studio Version 16
VisualStudioVersion = 16.0.28803.352
MinimumVisualStudioVersion = 10.0.40219.1
Project("{9A19103F-16F7-4668-BE54-9A1E7A4F7556}") = "ShoppingAreas.WebApi", "ShoppingAreas.WebApi\ShoppingAreas.WebApi.csproj", "{AA98AD80-ED89-4ED1-8E72-94B55C9A80B0}"
EndProject
Project("{9A19103F-16F7-4668-BE54-9A1E7A4F7556}") = "ShoppingAreas.Domain", "ShoppingAreas.Domain\ShoppingAreas.Domain.csproj", "{3DA10EA9-1366-45C6-885D-A49596747D14}"
EndProject
Project("{9A19103F-16F7-4668-BE54-9A1E7A4F7556}") = "ShoppingAreas.Services", "ShoppingAreas.Services\ShoppingAreas.Services.csproj", "{93B9C0D3-F71B-4CE1-B04F-10B8331E5003}"
EndProject
Project("{FAE04EC0-301F-11D3-BF4B-00C04F79EFBC}") = "ShoppingAreas.Helpers", "ShoppingAreas.Helpers\ShoppingAreas.Helpers.csproj", "{D35F1F48-B6C6-4AD6-B87D-866CC8B2F672}"
EndProject
Global
	GlobalSection(SolutionConfigurationPlatforms) = preSolution
		Debug|Any CPU = Debug|Any CPU
		Release|Any CPU = Release|Any CPU
	EndGlobalSection
	GlobalSection(ProjectConfigurationPlatforms) = postSolution
		{AA98AD80-ED89-4ED1-8E72-94B55C9A80B0}.Debug|Any CPU.ActiveCfg = Debug|Any CPU
		{AA98AD80-ED89-4ED1-8E72-94B55C9A80B0}.Debug|Any CPU.Build.0 = Debug|Any CPU
		{AA98AD80-ED89-4ED1-8E72-94B55C9A80B0}.Release|Any CPU.ActiveCfg = Release|Any CPU
		{AA98AD80-ED89-4ED1-8E72-94B55C9A80B0}.Release|Any CPU.Build.0 = Release|Any CPU
		{3DA10EA9-1366-45C6-885D-A49596747D14}.Debug|Any CPU.ActiveCfg = Debug|Any CPU
		{3DA10EA9-1366-45C6-885D-A49596747D14}.Debug|Any CPU.Build.0 = Debug|Any CPU
		{3DA10EA9-1366-45C6-885D-A49596747D14}.Release|Any CPU.ActiveCfg = Release|Any CPU
		{3DA10EA9-1366-45C6-885D-A49596747D14}.Release|Any CPU.Build.0 = Release|Any CPU
		{93B9C0D3-F71B-4CE1-B04F-10B8331E5003}.Debug|Any CPU.ActiveCfg = Debug|Any CPU
		{93B9C0D3-F71B-4CE1-B04F-10B8331E5003}.Debug|Any CPU.Build.0 = Debug|Any CPU
		{93B9C0D3-F71B-4CE1-B04F-10B8331E5003}.Release|Any CPU.ActiveCfg = Release|Any CPU
		{93B9C0D3-F71B-4CE1-B04F-10B8331E5003}.Release|Any CPU.Build.0 = Release|Any CPU
		{D35F1F48-B6C6-4AD6-B87D-866CC8B2F672}.Debug|Any CPU.ActiveCfg = Debug|Any CPU
		{D35F1F48-B6C6-4AD6-B87D-866CC8B2F672}.Debug|Any CPU.Build.0 = Debug|Any CPU
		{D35F1F48-B6C6-4AD6-B87D-866CC8B2F672}.Release|Any CPU.ActiveCfg = Release|Any CPU
		{D35F1F48-B6C6-4AD6-B87D-866CC8B2F672}.Release|Any CPU.Build.0 = Release|Any CPU
	EndGlobalSection
	GlobalSection(SolutionProperties) = preSolution
		HideSolutionNode = FALSE
	EndGlobalSection
	GlobalSection(ExtensibilityGlobals) = postSolution
		SolutionGuid = {C1BF75B0-9053-41CC-844E-75F2B4B4AB3E}
	EndGlobalSection
EndGlobal
